// !$*UTF8*$!
{
	archiveVersion = 1;
	classes = {
	};
	objectVersion = 77;
	objects = {

/* Begin PBXBuildFile section */
		00B3E1F0F1C96FC9DB905C46 /* City.swift in Sources */ = {isa = PBXBuildFile; fileRef = 4244A44964E3E42C4DB2D068 /* City.swift */; };
		0675E28C859B4C492BC0E87D /* RouteListViewModel.swift in Sources */ = {isa = PBXBuildFile; fileRef = 98E6BB443B54F84E531B7CE8 /* RouteListViewModel.swift */; };
		090E7653368C8F01E1D4C5D6 /* StationsListService.swift in Sources */ = {isa = PBXBuildFile; fileRef = 1267B1A118FF1F61D74DFD25 /* StationsListService.swift */; };
		0EEA988F34A6394BF0EC54D1 /* SelectionControls.swift in Sources */ = {isa = PBXBuildFile; fileRef = 163B64C900991E977EDE2F31 /* SelectionControls.swift */; };
		14055F2399CA587B09E88BF0 /* CarrierCardViewModel.swift in Sources */ = {isa = PBXBuildFile; fileRef = 0951DDBF4C96B44A8AC06280 /* CarrierCardViewModel.swift */; };
		1FB9534E253F8D7E4C1C6C09 /* ListRow.swift in Sources */ = {isa = PBXBuildFile; fileRef = 8C59656CD8752F3BA50485FF /* ListRow.swift */; };
		1FD5488D29C1848B141CA105 /* StoriesData.swift in Sources */ = {isa = PBXBuildFile; fileRef = 8634EDBA4C01CA83960C3015 /* StoriesData.swift */; };
		262C61F24A9AE317FE9F8613 /* StoriesUITests.swift in Sources */ = {isa = PBXBuildFile; fileRef = 2ADA4354FB43D8FAD4C461AB /* StoriesUITests.swift */; };
		2C7687093E15D319697D0872 /* TravelScheduleApp.swift in Sources */ = {isa = PBXBuildFile; fileRef = D825BD6A372F611C9657D390 /* TravelScheduleApp.swift */; };
		30EF368C9DEAE10D7BFCE92B /* StoriesProgressBar.swift in Sources */ = {isa = PBXBuildFile; fileRef = 5E16E3E4822F21F989AB8F4A /* StoriesProgressBar.swift */; };
		35F873E0728418916AE22E97 /* NetworkSmokeUITests.swift in Sources */ = {isa = PBXBuildFile; fileRef = 9C32A717498A789B0FEDE552 /* NetworkSmokeUITests.swift */; };
		3EDE6729EF1A773F8AEBB898 /* openapi.yaml in Resources */ = {isa = PBXBuildFile; fileRef = 2B30DA374FFADCE4ADA41494 /* openapi.yaml */; };
		4095B3450587EA72AB50D9BC /* MainViewModel.swift in Sources */ = {isa = PBXBuildFile; fileRef = 02F2DC5E76C63710AA62B117 /* MainViewModel.swift */; };
		41C48DECBEC973453AFBFB3E /* SearchField.swift in Sources */ = {isa = PBXBuildFile; fileRef = F4D3E94649B2F375328E2509 /* SearchField.swift */; };
		45759B04D2EE3EC9897977D5 /* FiltersViewModel.swift in Sources */ = {isa = PBXBuildFile; fileRef = FECBD651ABDC1E6012260D9F /* FiltersViewModel.swift */; };
		469B6FCFB26D0B1060AB559F /* MainTabView.swift in Sources */ = {isa = PBXBuildFile; fileRef = C595B858E55D39D5865BFF2F /* MainTabView.swift */; };
		47F9B74369081A92C31D8CE7 /* RootView.swift in Sources */ = {isa = PBXBuildFile; fileRef = BCD665383D1160F2ABF3AF96 /* RootView.swift */; };
		488F331870A9DA532998294D /* CarrierCardView.swift in Sources */ = {isa = PBXBuildFile; fileRef = 55CE850CD79D73751F744BBE /* CarrierCardView.swift */; };
		4ADBD64AA91EBEBBD1A6A3A4 /* FiltersView.swift in Sources */ = {isa = PBXBuildFile; fileRef = 18E17DDBBCB19EC3B042A179 /* FiltersView.swift */; };
		4D51B5378DFEB192C8C460A2 /* CityListViewModel.swift in Sources */ = {isa = PBXBuildFile; fileRef = 99978FF4C7BD6F8F32AD6517 /* CityListViewModel.swift */; };
		548A914DCB8F1F2062A917DD /* OpenAPIURLSession in Frameworks */ = {isa = PBXBuildFile; productRef = 2D87397D8EA201F37ACD3584 /* OpenAPIURLSession */; };
		56BBAEAA8C162B734E6BD624 /* ValueRow.swift in Sources */ = {isa = PBXBuildFile; fileRef = 546C100666195A09B1A946D0 /* ValueRow.swift */; };
		59D37A184D5C67231944F6FB /* APIConstants.swift in Sources */ = {isa = PBXBuildFile; fileRef = 69D35C4AE629E88EBEE81EFE /* APIConstants.swift */; };
		5A5124B14BCAE94E8A8E15E7 /* RouteListView.swift in Sources */ = {isa = PBXBuildFile; fileRef = 184BB33E9424AF21D59611CA /* RouteListView.swift */; };
		5DF341F19C8F43EDCE2D7C9C /* AgreementViewModel.swift in Sources */ = {isa = PBXBuildFile; fileRef = 1062167C25A447A0385AF341 /* AgreementViewModel.swift */; };
		5F1AB298191ABBE023AC83C9 /* RouteCard.swift in Sources */ = {isa = PBXBuildFile; fileRef = 1BABE6B07E3894D7DCACC939 /* RouteCard.swift */; };
		602380520CD0A315B522576F /* SplashView.swift in Sources */ = {isa = PBXBuildFile; fileRef = 1AB00BFCAC40D743F6E93C1F /* SplashView.swift */; };
		6151F3105CC3ECD220B03F34 /* RootViewModel.swift in Sources */ = {isa = PBXBuildFile; fileRef = 701FEB3425FDC85887580EBF /* RootViewModel.swift */; };
		66D28A34C8C22C03283F99F3 /* RoutePointPickerView.swift in Sources */ = {isa = PBXBuildFile; fileRef = 9F3874C5EB021B862EE2E4B3 /* RoutePointPickerView.swift */; };
		6B1E630274A4551664518B62 /* AppError.swift in Sources */ = {isa = PBXBuildFile; fileRef = 29C24D8F29D3A5F8A874874B /* AppError.swift */; };
		6C5E41D77EC6070A7AF95D24 /* AgreementView.swift in Sources */ = {isa = PBXBuildFile; fileRef = 1A6EB626E702BF457FB36AD3 /* AgreementView.swift */; };
		7087010F88EE301F44D6FD48 /* NearestSettlementService.swift in Sources */ = {isa = PBXBuildFile; fileRef = 26456039FF6D065A51DC035B /* NearestSettlementService.swift */; };
		70CF8F6B38F5B17B3024FEC4 /* openapi-generator-config.yaml in Resources */ = {isa = PBXBuildFile; fileRef = ABFD8D9E01E2DEE76F2C3A17 /* openapi-generator-config.yaml */; };
		72B1DAA65C0BBF324990D436 /* StationListViewModel.swift in Sources */ = {isa = PBXBuildFile; fileRef = 6D404BF75C9FD5EF70E3730A /* StationListViewModel.swift */; };
		7788C7CA78CD1BF491CC9556 /* NetworkReachability.swift in Sources */ = {isa = PBXBuildFile; fileRef = 58E9608290A2AB766D9465EB /* NetworkReachability.swift */; };
		78672AA95DEE1790B8883622 /* DirectionCard.swift in Sources */ = {isa = PBXBuildFile; fileRef = 14450F472285AD1C742725DE /* DirectionCard.swift */; };
		7EC950A682783811C2DB02DD /* WebView.swift in Sources */ = {isa = PBXBuildFile; fileRef = 3136514A5361A301D8F387A5 /* WebView.swift */; };
		814108FAB68C56E9F34F935C /* CarrierService.swift in Sources */ = {isa = PBXBuildFile; fileRef = 6FD877BD0EE575205EF9DDEF /* CarrierService.swift */; };
		82A4006DC3707F02C9CF7466 /* SettingsViewModel.swift in Sources */ = {isa = PBXBuildFile; fileRef = 8EF6BBF2FFDB7F151E9DCAD1 /* SettingsViewModel.swift */; };
		85CDB361C209C77EAB29D4EE /* RouteSegment.swift in Sources */ = {isa = PBXBuildFile; fileRef = 66D117EAF12163F14C679DE3 /* RouteSegment.swift */; };
		8607280D139478E00BDC594B /* StationScheduleService.swift in Sources */ = {isa = PBXBuildFile; fileRef = 6FB527C6E909342986239B7F /* StationScheduleService.swift */; };
		8A19CA4061A1954C2F7D5608 /* NearestStationsService.swift in Sources */ = {isa = PBXBuildFile; fileRef = 0AB5E01E8F23CFE878F9F44F /* NearestStationsService.swift */; };
		8AFE5BF2D93C3B48671D66C8 /* StoriesViewModel.swift in Sources */ = {isa = PBXBuildFile; fileRef = B874BEB14A4A0C8D3A7104BB /* StoriesViewModel.swift */; };
		965590829587DB000A621BF2 /* CityListView.swift in Sources */ = {isa = PBXBuildFile; fileRef = C3BF6EE05E980C39434EEED4 /* CityListView.swift */; };
		97521416E061E8F49EA7D7E1 /* CarrierLogoView.swift in Sources */ = {isa = PBXBuildFile; fileRef = E2F5DB2EABA65D0E241F7AEA /* CarrierLogoView.swift */; };
		98181566222E726FFB8E9184 /* SegmentsMapper.swift in Sources */ = {isa = PBXBuildFile; fileRef = 26E695E785836E62A6E6AE0D /* SegmentsMapper.swift */; };
		9B686DE1E01E50B7046A6636 /* Carrier.swift in Sources */ = {isa = PBXBuildFile; fileRef = 8D187777AFC53AC23B9172B3 /* Carrier.swift */; };
		9E2A6415100D26388A357FC8 /* ServicesDemo.swift in Sources */ = {isa = PBXBuildFile; fileRef = CEE011284CDD34FC5AE05D2D /* ServicesDemo.swift */; };
		9FABF0FED2024D463BB4F8EF /* AppSettings.swift in Sources */ = {isa = PBXBuildFile; fileRef = D885628003E64B427A35CA78 /* AppSettings.swift */; };
		AD8F829CF4D35EAF5A2EA977 /* Story.swift in Sources */ = {isa = PBXBuildFile; fileRef = 6D083D4A5325AE6F0B87F169 /* Story.swift */; };
		B09F181A0D6C7FFF84143068 /* StoryPreviewCard.swift in Sources */ = {isa = PBXBuildFile; fileRef = 1AD7C9CABD1458A74759388E /* StoryPreviewCard.swift */; };
		B2C5FFFCFBC7453F249F99E3 /* LoadState.swift in Sources */ = {isa = PBXBuildFile; fileRef = 8AF1D9899A3BFC80D9F42820 /* LoadState.swift */; };
		B52F8375DDB06F0900304EBB /* AppFont.swift in Sources */ = {isa = PBXBuildFile; fileRef = BF2DFBE8E6664801C30083CD /* AppFont.swift */; };
		B76C05C2712B93F296A9351A /* StoriesView.swift in Sources */ = {isa = PBXBuildFile; fileRef = E19C0C0AC003C2363F7D0D0F /* StoriesView.swift */; };
		BC852A92272027B5769C6585 /* EmptyStateView.swift in Sources */ = {isa = PBXBuildFile; fileRef = C7067FFF2DCF65845C0DFAD5 /* EmptyStateView.swift */; };
		C1ACCB9C4C757CBA416A0CD8 /* StoryPageView.swift in Sources */ = {isa = PBXBuildFile; fileRef = 6E81F4C73DA3BC1ACE635A7E /* StoryPageView.swift */; };
		C30C220F646B3429A4D906F3 /* Assets.xcassets in Resources */ = {isa = PBXBuildFile; fileRef = C0BF81D75E09A208B3F0B3FA /* Assets.xcassets */; };
		C379DD15C45447A05329B4C4 /* SearchService.swift in Sources */ = {isa = PBXBuildFile; fileRef = CB38C58AC1BC38D1AD2B2F2E /* SearchService.swift */; };
		C7CBD3632734D2FC1FE8EC06 /* RouteFilter.swift in Sources */ = {isa = PBXBuildFile; fileRef = 999392FA78C49BD2763BF94F /* RouteFilter.swift */; };
		C87003312644D5B0DD5DDAAD /* ErrorView.swift in Sources */ = {isa = PBXBuildFile; fileRef = 3D6929A58F84CC25D21F87FF /* ErrorView.swift */; };
		CB0A85210AEB672F98369D13 /* MockProviders.swift in Sources */ = {isa = PBXBuildFile; fileRef = E1BF221D7CDB5307AB5B18E0 /* MockProviders.swift */; };
		CE93B4DD2D6C5B5D1D9ABED4 /* NavigationBarModifier.swift in Sources */ = {isa = PBXBuildFile; fileRef = 95BE1337C13224168EC0A219 /* NavigationBarModifier.swift */; };
		CEDA53FEF9F8A08CBC5CB058 /* CopyrightService.swift in Sources */ = {isa = PBXBuildFile; fileRef = F56A53F31038F89DDEEBA63C /* CopyrightService.swift */; };
		D276A12A285CB1B2DDE957BF /* RouteStationsService.swift in Sources */ = {isa = PBXBuildFile; fileRef = A1D0DD2CA62F105D4F1A6E6C /* RouteStationsService.swift */; };
		D45B5F838B8BFB73DD584DEA /* SettingsView.swift in Sources */ = {isa = PBXBuildFile; fileRef = 47790C799FA7F71ADB7B40EE /* SettingsView.swift */; };
		D54DFAA7004B01582A8FC1BF /* AppColor.swift in Sources */ = {isa = PBXBuildFile; fileRef = A9857846C9D71A5E466BA400 /* AppColor.swift */; };
		D86FA516F3C48F9E94F78E0F /* StationsMapper.swift in Sources */ = {isa = PBXBuildFile; fileRef = D57B4F745CD0AA97432FD8EF /* StationsMapper.swift */; };
		E49F56AC7BDA650FAB8B1B9F /* DataProviders.swift in Sources */ = {isa = PBXBuildFile; fileRef = BC824BA760EF622407F59041 /* DataProviders.swift */; };
		E4F1E17A0F43D7A3BB36FCEC /* StationListView.swift in Sources */ = {isa = PBXBuildFile; fileRef = 44B1DDAA3045A8EF3652DF78 /* StationListView.swift */; };
		E84D819AEF120C5DE25E9DA9 /* NetworkClient.swift in Sources */ = {isa = PBXBuildFile; fileRef = 2172E8BB986C4ED1E18CCEE4 /* NetworkClient.swift */; };
		E905FD4B1A09A3718183A5E5 /* OpenAPIRuntime in Frameworks */ = {isa = PBXBuildFile; productRef = ADB63CE8E09D3BADB15CC8AC /* OpenAPIRuntime */; };
		EEC4A6EECC87C07854EE4BFF /* MainView.swift in Sources */ = {isa = PBXBuildFile; fileRef = 63BC11E35D4EB8FCEF9B63A1 /* MainView.swift */; };
		EFF8C12FD30CE74B86BCD2F6 /* MockData.swift in Sources */ = {isa = PBXBuildFile; fileRef = C1F3D50A0FDB527A9D1DCBD2 /* MockData.swift */; };
		F100F7AACDED174C0F1F2B84 /* PrimaryButton.swift in Sources */ = {isa = PBXBuildFile; fileRef = B4CEA72696A2B557CEE068CC /* PrimaryButton.swift */; };
		F13EC635C78232632B19B6B9 /* offer.html in Resources */ = {isa = PBXBuildFile; fileRef = 0030EFEF950AE52AB10AF249 /* offer.html */; };
		F8894F29A2C528FABE3AC086 /* StoriesPanel.swift in Sources */ = {isa = PBXBuildFile; fileRef = 4D1E0FA9A04CA7E99B084C99 /* StoriesPanel.swift */; };
/* End PBXBuildFile section */

/* Begin PBXContainerItemProxy section */
		C663B73AC3C1547810C938CC /* PBXContainerItemProxy */ = {
			isa = PBXContainerItemProxy;
			containerPortal = 4A976314A4910046CCBA6A4A /* Project object */;
			proxyType = 1;
			remoteGlobalIDString = 51AE89C8D1F4A40FCCE7CEBB;
			remoteInfo = TravelSchedule;
		};
/* End PBXContainerItemProxy section */

/* Begin PBXFileReference section */
		0030EFEF950AE52AB10AF249 /* offer.html */ = {isa = PBXFileReference; lastKnownFileType = text.html; path = offer.html; sourceTree = "<group>"; };
		02F2DC5E76C63710AA62B117 /* MainViewModel.swift */ = {isa = PBXFileReference; lastKnownFileType = sourcecode.swift; path = MainViewModel.swift; sourceTree = "<group>"; };
		0951DDBF4C96B44A8AC06280 /* CarrierCardViewModel.swift */ = {isa = PBXFileReference; lastKnownFileType = sourcecode.swift; path = CarrierCardViewModel.swift; sourceTree = "<group>"; };
		0AB5E01E8F23CFE878F9F44F /* NearestStationsService.swift */ = {isa = PBXFileReference; lastKnownFileType = sourcecode.swift; path = NearestStationsService.swift; sourceTree = "<group>"; };
		1062167C25A447A0385AF341 /* AgreementViewModel.swift */ = {isa = PBXFileReference; lastKnownFileType = sourcecode.swift; path = AgreementViewModel.swift; sourceTree = "<group>"; };
		1267B1A118FF1F61D74DFD25 /* StationsListService.swift */ = {isa = PBXFileReference; lastKnownFileType = sourcecode.swift; path = StationsListService.swift; sourceTree = "<group>"; };
		14450F472285AD1C742725DE /* DirectionCard.swift */ = {isa = PBXFileReference; lastKnownFileType = sourcecode.swift; path = DirectionCard.swift; sourceTree = "<group>"; };
		163B64C900991E977EDE2F31 /* SelectionControls.swift */ = {isa = PBXFileReference; lastKnownFileType = sourcecode.swift; path = SelectionControls.swift; sourceTree = "<group>"; };
		184BB33E9424AF21D59611CA /* RouteListView.swift */ = {isa = PBXFileReference; lastKnownFileType = sourcecode.swift; path = RouteListView.swift; sourceTree = "<group>"; };
		18E17DDBBCB19EC3B042A179 /* FiltersView.swift */ = {isa = PBXFileReference; lastKnownFileType = sourcecode.swift; path = FiltersView.swift; sourceTree = "<group>"; };
		1A6EB626E702BF457FB36AD3 /* AgreementView.swift */ = {isa = PBXFileReference; lastKnownFileType = sourcecode.swift; path = AgreementView.swift; sourceTree = "<group>"; };
		1AB00BFCAC40D743F6E93C1F /* SplashView.swift */ = {isa = PBXFileReference; lastKnownFileType = sourcecode.swift; path = SplashView.swift; sourceTree = "<group>"; };
		1AD7C9CABD1458A74759388E /* StoryPreviewCard.swift */ = {isa = PBXFileReference; lastKnownFileType = sourcecode.swift; path = StoryPreviewCard.swift; sourceTree = "<group>"; };
		1BABE6B07E3894D7DCACC939 /* RouteCard.swift */ = {isa = PBXFileReference; lastKnownFileType = sourcecode.swift; path = RouteCard.swift; sourceTree = "<group>"; };
		2172E8BB986C4ED1E18CCEE4 /* NetworkClient.swift */ = {isa = PBXFileReference; lastKnownFileType = sourcecode.swift; path = NetworkClient.swift; sourceTree = "<group>"; };
		26456039FF6D065A51DC035B /* NearestSettlementService.swift */ = {isa = PBXFileReference; lastKnownFileType = sourcecode.swift; path = NearestSettlementService.swift; sourceTree = "<group>"; };
		26E695E785836E62A6E6AE0D /* SegmentsMapper.swift */ = {isa = PBXFileReference; lastKnownFileType = sourcecode.swift; path = SegmentsMapper.swift; sourceTree = "<group>"; };
		29C24D8F29D3A5F8A874874B /* AppError.swift */ = {isa = PBXFileReference; lastKnownFileType = sourcecode.swift; path = AppError.swift; sourceTree = "<group>"; };
		2ADA4354FB43D8FAD4C461AB /* StoriesUITests.swift */ = {isa = PBXFileReference; lastKnownFileType = sourcecode.swift; path = StoriesUITests.swift; sourceTree = "<group>"; };
		2B30DA374FFADCE4ADA41494 /* openapi.yaml */ = {isa = PBXFileReference; lastKnownFileType = text.yaml; path = openapi.yaml; sourceTree = "<group>"; };
		3136514A5361A301D8F387A5 /* WebView.swift */ = {isa = PBXFileReference; lastKnownFileType = sourcecode.swift; path = WebView.swift; sourceTree = "<group>"; };
		3D6929A58F84CC25D21F87FF /* ErrorView.swift */ = {isa = PBXFileReference; lastKnownFileType = sourcecode.swift; path = ErrorView.swift; sourceTree = "<group>"; };
		3ECD84FF02E4F5A9200AEFC2 /* TravelSchedule.app */ = {isa = PBXFileReference; includeInIndex = 0; lastKnownFileType = wrapper.application; path = TravelSchedule.app; sourceTree = BUILT_PRODUCTS_DIR; };
		4244A44964E3E42C4DB2D068 /* City.swift */ = {isa = PBXFileReference; lastKnownFileType = sourcecode.swift; path = City.swift; sourceTree = "<group>"; };
		44B1DDAA3045A8EF3652DF78 /* StationListView.swift */ = {isa = PBXFileReference; lastKnownFileType = sourcecode.swift; path = StationListView.swift; sourceTree = "<group>"; };
		47790C799FA7F71ADB7B40EE /* SettingsView.swift */ = {isa = PBXFileReference; lastKnownFileType = sourcecode.swift; path = SettingsView.swift; sourceTree = "<group>"; };
		4D1E0FA9A04CA7E99B084C99 /* StoriesPanel.swift */ = {isa = PBXFileReference; lastKnownFileType = sourcecode.swift; path = StoriesPanel.swift; sourceTree = "<group>"; };
		546C100666195A09B1A946D0 /* ValueRow.swift */ = {isa = PBXFileReference; lastKnownFileType = sourcecode.swift; path = ValueRow.swift; sourceTree = "<group>"; };
		55CE850CD79D73751F744BBE /* CarrierCardView.swift */ = {isa = PBXFileReference; lastKnownFileType = sourcecode.swift; path = CarrierCardView.swift; sourceTree = "<group>"; };
		58E9608290A2AB766D9465EB /* NetworkReachability.swift */ = {isa = PBXFileReference; lastKnownFileType = sourcecode.swift; path = NetworkReachability.swift; sourceTree = "<group>"; };
		5E16E3E4822F21F989AB8F4A /* StoriesProgressBar.swift */ = {isa = PBXFileReference; lastKnownFileType = sourcecode.swift; path = StoriesProgressBar.swift; sourceTree = "<group>"; };
		63BC11E35D4EB8FCEF9B63A1 /* MainView.swift */ = {isa = PBXFileReference; lastKnownFileType = sourcecode.swift; path = MainView.swift; sourceTree = "<group>"; };
		66D117EAF12163F14C679DE3 /* RouteSegment.swift */ = {isa = PBXFileReference; lastKnownFileType = sourcecode.swift; path = RouteSegment.swift; sourceTree = "<group>"; };
		69D35C4AE629E88EBEE81EFE /* APIConstants.swift */ = {isa = PBXFileReference; lastKnownFileType = sourcecode.swift; path = APIConstants.swift; sourceTree = "<group>"; };
		6D083D4A5325AE6F0B87F169 /* Story.swift */ = {isa = PBXFileReference; lastKnownFileType = sourcecode.swift; path = Story.swift; sourceTree = "<group>"; };
		6D404BF75C9FD5EF70E3730A /* StationListViewModel.swift */ = {isa = PBXFileReference; lastKnownFileType = sourcecode.swift; path = StationListViewModel.swift; sourceTree = "<group>"; };
		6E81F4C73DA3BC1ACE635A7E /* StoryPageView.swift */ = {isa = PBXFileReference; lastKnownFileType = sourcecode.swift; path = StoryPageView.swift; sourceTree = "<group>"; };
		6FB527C6E909342986239B7F /* StationScheduleService.swift */ = {isa = PBXFileReference; lastKnownFileType = sourcecode.swift; path = StationScheduleService.swift; sourceTree = "<group>"; };
		6FD877BD0EE575205EF9DDEF /* CarrierService.swift */ = {isa = PBXFileReference; lastKnownFileType = sourcecode.swift; path = CarrierService.swift; sourceTree = "<group>"; };
		701FEB3425FDC85887580EBF /* RootViewModel.swift */ = {isa = PBXFileReference; lastKnownFileType = sourcecode.swift; path = RootViewModel.swift; sourceTree = "<group>"; };
		8634EDBA4C01CA83960C3015 /* StoriesData.swift */ = {isa = PBXFileReference; lastKnownFileType = sourcecode.swift; path = StoriesData.swift; sourceTree = "<group>"; };
		8AF1D9899A3BFC80D9F42820 /* LoadState.swift */ = {isa = PBXFileReference; lastKnownFileType = sourcecode.swift; path = LoadState.swift; sourceTree = "<group>"; };
		8C59656CD8752F3BA50485FF /* ListRow.swift */ = {isa = PBXFileReference; lastKnownFileType = sourcecode.swift; path = ListRow.swift; sourceTree = "<group>"; };
		8D187777AFC53AC23B9172B3 /* Carrier.swift */ = {isa = PBXFileReference; lastKnownFileType = sourcecode.swift; path = Carrier.swift; sourceTree = "<group>"; };
		8EF6BBF2FFDB7F151E9DCAD1 /* SettingsViewModel.swift */ = {isa = PBXFileReference; lastKnownFileType = sourcecode.swift; path = SettingsViewModel.swift; sourceTree = "<group>"; };
		95BE1337C13224168EC0A219 /* NavigationBarModifier.swift */ = {isa = PBXFileReference; lastKnownFileType = sourcecode.swift; path = NavigationBarModifier.swift; sourceTree = "<group>"; };
		98E6BB443B54F84E531B7CE8 /* RouteListViewModel.swift */ = {isa = PBXFileReference; lastKnownFileType = sourcecode.swift; path = RouteListViewModel.swift; sourceTree = "<group>"; };
		999392FA78C49BD2763BF94F /* RouteFilter.swift */ = {isa = PBXFileReference; lastKnownFileType = sourcecode.swift; path = RouteFilter.swift; sourceTree = "<group>"; };
		99978FF4C7BD6F8F32AD6517 /* CityListViewModel.swift */ = {isa = PBXFileReference; lastKnownFileType = sourcecode.swift; path = CityListViewModel.swift; sourceTree = "<group>"; };
		9C32A717498A789B0FEDE552 /* NetworkSmokeUITests.swift */ = {isa = PBXFileReference; lastKnownFileType = sourcecode.swift; path = NetworkSmokeUITests.swift; sourceTree = "<group>"; };
		9F3874C5EB021B862EE2E4B3 /* RoutePointPickerView.swift */ = {isa = PBXFileReference; lastKnownFileType = sourcecode.swift; path = RoutePointPickerView.swift; sourceTree = "<group>"; };
		A1D0DD2CA62F105D4F1A6E6C /* RouteStationsService.swift */ = {isa = PBXFileReference; lastKnownFileType = sourcecode.swift; path = RouteStationsService.swift; sourceTree = "<group>"; };
		A7C68B3E2519D7D2714191FE /* TravelScheduleUITests.xctest */ = {isa = PBXFileReference; includeInIndex = 0; lastKnownFileType = wrapper.cfbundle; path = TravelScheduleUITests.xctest; sourceTree = BUILT_PRODUCTS_DIR; };
		A9857846C9D71A5E466BA400 /* AppColor.swift */ = {isa = PBXFileReference; lastKnownFileType = sourcecode.swift; path = AppColor.swift; sourceTree = "<group>"; };
		ABFD8D9E01E2DEE76F2C3A17 /* openapi-generator-config.yaml */ = {isa = PBXFileReference; lastKnownFileType = text.yaml; path = "openapi-generator-config.yaml"; sourceTree = "<group>"; };
		B4CEA72696A2B557CEE068CC /* PrimaryButton.swift */ = {isa = PBXFileReference; lastKnownFileType = sourcecode.swift; path = PrimaryButton.swift; sourceTree = "<group>"; };
		B874BEB14A4A0C8D3A7104BB /* StoriesViewModel.swift */ = {isa = PBXFileReference; lastKnownFileType = sourcecode.swift; path = StoriesViewModel.swift; sourceTree = "<group>"; };
		BC824BA760EF622407F59041 /* DataProviders.swift */ = {isa = PBXFileReference; lastKnownFileType = sourcecode.swift; path = DataProviders.swift; sourceTree = "<group>"; };
		BCD665383D1160F2ABF3AF96 /* RootView.swift */ = {isa = PBXFileReference; lastKnownFileType = sourcecode.swift; path = RootView.swift; sourceTree = "<group>"; };
		BF2DFBE8E6664801C30083CD /* AppFont.swift */ = {isa = PBXFileReference; lastKnownFileType = sourcecode.swift; path = AppFont.swift; sourceTree = "<group>"; };
		C0BF81D75E09A208B3F0B3FA /* Assets.xcassets */ = {isa = PBXFileReference; lastKnownFileType = folder.assetcatalog; path = Assets.xcassets; sourceTree = "<group>"; };
		C1F3D50A0FDB527A9D1DCBD2 /* MockData.swift */ = {isa = PBXFileReference; lastKnownFileType = sourcecode.swift; path = MockData.swift; sourceTree = "<group>"; };
		C3BF6EE05E980C39434EEED4 /* CityListView.swift */ = {isa = PBXFileReference; lastKnownFileType = sourcecode.swift; path = CityListView.swift; sourceTree = "<group>"; };
		C595B858E55D39D5865BFF2F /* MainTabView.swift */ = {isa = PBXFileReference; lastKnownFileType = sourcecode.swift; path = MainTabView.swift; sourceTree = "<group>"; };
		C7067FFF2DCF65845C0DFAD5 /* EmptyStateView.swift */ = {isa = PBXFileReference; lastKnownFileType = sourcecode.swift; path = EmptyStateView.swift; sourceTree = "<group>"; };
		CB38C58AC1BC38D1AD2B2F2E /* SearchService.swift */ = {isa = PBXFileReference; lastKnownFileType = sourcecode.swift; path = SearchService.swift; sourceTree = "<group>"; };
		CEE011284CDD34FC5AE05D2D /* ServicesDemo.swift */ = {isa = PBXFileReference; lastKnownFileType = sourcecode.swift; path = ServicesDemo.swift; sourceTree = "<group>"; };
		D57B4F745CD0AA97432FD8EF /* StationsMapper.swift */ = {isa = PBXFileReference; lastKnownFileType = sourcecode.swift; path = StationsMapper.swift; sourceTree = "<group>"; };
		D825BD6A372F611C9657D390 /* TravelScheduleApp.swift */ = {isa = PBXFileReference; lastKnownFileType = sourcecode.swift; path = TravelScheduleApp.swift; sourceTree = "<group>"; };
		D885628003E64B427A35CA78 /* AppSettings.swift */ = {isa = PBXFileReference; lastKnownFileType = sourcecode.swift; path = AppSettings.swift; sourceTree = "<group>"; };
		E19C0C0AC003C2363F7D0D0F /* StoriesView.swift */ = {isa = PBXFileReference; lastKnownFileType = sourcecode.swift; path = StoriesView.swift; sourceTree = "<group>"; };
		E1BF221D7CDB5307AB5B18E0 /* MockProviders.swift */ = {isa = PBXFileReference; lastKnownFileType = sourcecode.swift; path = MockProviders.swift; sourceTree = "<group>"; };
		E2F5DB2EABA65D0E241F7AEA /* CarrierLogoView.swift */ = {isa = PBXFileReference; lastKnownFileType = sourcecode.swift; path = CarrierLogoView.swift; sourceTree = "<group>"; };
		F4D3E94649B2F375328E2509 /* SearchField.swift */ = {isa = PBXFileReference; lastKnownFileType = sourcecode.swift; path = SearchField.swift; sourceTree = "<group>"; };
		F56A53F31038F89DDEEBA63C /* CopyrightService.swift */ = {isa = PBXFileReference; lastKnownFileType = sourcecode.swift; path = CopyrightService.swift; sourceTree = "<group>"; };
		FECBD651ABDC1E6012260D9F /* FiltersViewModel.swift */ = {isa = PBXFileReference; lastKnownFileType = sourcecode.swift; path = FiltersViewModel.swift; sourceTree = "<group>"; };
/* End PBXFileReference section */

/* Begin PBXFrameworksBuildPhase section */
		E7C45A89C872E707BCE13E3A /* Frameworks */ = {
			isa = PBXFrameworksBuildPhase;
			buildActionMask = 2147483647;
			files = (
				E905FD4B1A09A3718183A5E5 /* OpenAPIRuntime in Frameworks */,
				548A914DCB8F1F2062A917DD /* OpenAPIURLSession in Frameworks */,
			);
			runOnlyForDeploymentPostprocessing = 0;
		};
/* End PBXFrameworksBuildPhase section */

/* Begin PBXGroup section */
		05600A35B983AFA124D70B2D /* Stories */ = {
			isa = PBXGroup;
			children = (
				4D1E0FA9A04CA7E99B084C99 /* StoriesPanel.swift */,
				5E16E3E4822F21F989AB8F4A /* StoriesProgressBar.swift */,
				E19C0C0AC003C2363F7D0D0F /* StoriesView.swift */,
				B874BEB14A4A0C8D3A7104BB /* StoriesViewModel.swift */,
				6E81F4C73DA3BC1ACE635A7E /* StoryPageView.swift */,
				1AD7C9CABD1458A74759388E /* StoryPreviewCard.swift */,
			);
			path = Stories;
			sourceTree = "<group>";
		};
		1783C3C21297702B7DD442A7 /* Settings */ = {
			isa = PBXGroup;
			children = (
				1A6EB626E702BF457FB36AD3 /* AgreementView.swift */,
				1062167C25A447A0385AF341 /* AgreementViewModel.swift */,
				47790C799FA7F71ADB7B40EE /* SettingsView.swift */,
				8EF6BBF2FFDB7F151E9DCAD1 /* SettingsViewModel.swift */,
			);
			path = Settings;
			sourceTree = "<group>";
		};
		56F2572647E35CB08E26BC56 /* RouteList */ = {
			isa = PBXGroup;
			children = (
				184BB33E9424AF21D59611CA /* RouteListView.swift */,
				98E6BB443B54F84E531B7CE8 /* RouteListViewModel.swift */,
			);
			path = RouteList;
			sourceTree = "<group>";
		};
		59D81AC59D4606BD39EDBAA6 /* Resources */ = {
			isa = PBXGroup;
			children = (
				C0BF81D75E09A208B3F0B3FA /* Assets.xcassets */,
				0030EFEF950AE52AB10AF249 /* offer.html */,
			);
			path = Resources;
			sourceTree = "<group>";
		};
		5A840CA232788E706E6A30A2 /* TravelSchedule */ = {
			isa = PBXGroup;
			children = (
				ABFD8D9E01E2DEE76F2C3A17 /* openapi-generator-config.yaml */,
				2B30DA374FFADCE4ADA41494 /* openapi.yaml */,
				7209090651E929F27CB915F3 /* App */,
				A3B62E454BA79199A472EBC6 /* DesignSystem */,
				96DA144A55BD3C139EC47B6D /* Features */,
				6A9DCBF6A3528FCD5C2A811B /* Mock */,
				EF5475D5ACEB7A36DAAD47DB /* Models */,
				59D81AC59D4606BD39EDBAA6 /* Resources */,
				D7B292AFB693794E6D73C8F7 /* Services */,
			);
			path = TravelSchedule;
			sourceTree = "<group>";
		};
		5FDB38ED79AE7C11741C9E4C /* Filters */ = {
			isa = PBXGroup;
			children = (
				18E17DDBBCB19EC3B042A179 /* FiltersView.swift */,
				FECBD651ABDC1E6012260D9F /* FiltersViewModel.swift */,
			);
			path = Filters;
			sourceTree = "<group>";
		};
		669FBEF9FDA2DA118F255C9A /* ErrorState */ = {
			isa = PBXGroup;
			children = (
				C7067FFF2DCF65845C0DFAD5 /* EmptyStateView.swift */,
				3D6929A58F84CC25D21F87FF /* ErrorView.swift */,
				8AF1D9899A3BFC80D9F42820 /* LoadState.swift */,
			);
			path = ErrorState;
			sourceTree = "<group>";
		};
		6A9DCBF6A3528FCD5C2A811B /* Mock */ = {
			isa = PBXGroup;
			children = (
				D885628003E64B427A35CA78 /* AppSettings.swift */,
				C1F3D50A0FDB527A9D1DCBD2 /* MockData.swift */,
				E1BF221D7CDB5307AB5B18E0 /* MockProviders.swift */,
				8634EDBA4C01CA83960C3015 /* StoriesData.swift */,
			);
			path = Mock;
			sourceTree = "<group>";
		};
		6C0761813505186A7B2767A0 /* StationSelection */ = {
			isa = PBXGroup;
			children = (
				44B1DDAA3045A8EF3652DF78 /* StationListView.swift */,
				6D404BF75C9FD5EF70E3730A /* StationListViewModel.swift */,
			);
			path = StationSelection;
			sourceTree = "<group>";
		};
		7209090651E929F27CB915F3 /* App */ = {
			isa = PBXGroup;
			children = (
				C595B858E55D39D5865BFF2F /* MainTabView.swift */,
				BCD665383D1160F2ABF3AF96 /* RootView.swift */,
				701FEB3425FDC85887580EBF /* RootViewModel.swift */,
				D825BD6A372F611C9657D390 /* TravelScheduleApp.swift */,
			);
			path = App;
			sourceTree = "<group>";
		};
		762059D3E78EF6FE83195FF5 /* CitySelection */ = {
			isa = PBXGroup;
			children = (
				C3BF6EE05E980C39434EEED4 /* CityListView.swift */,
				99978FF4C7BD6F8F32AD6517 /* CityListViewModel.swift */,
				9F3874C5EB021B862EE2E4B3 /* RoutePointPickerView.swift */,
			);
			path = CitySelection;
			sourceTree = "<group>";
		};
		79A45173532317F49A5DD6AD /* TravelScheduleUITests */ = {
			isa = PBXGroup;
			children = (
				9C32A717498A789B0FEDE552 /* NetworkSmokeUITests.swift */,
				2ADA4354FB43D8FAD4C461AB /* StoriesUITests.swift */,
			);
			path = TravelScheduleUITests;
			sourceTree = "<group>";
		};
		80F6E5EF9849F6A94AB11B54 /* Components */ = {
			isa = PBXGroup;
			children = (
				E2F5DB2EABA65D0E241F7AEA /* CarrierLogoView.swift */,
				8C59656CD8752F3BA50485FF /* ListRow.swift */,
				95BE1337C13224168EC0A219 /* NavigationBarModifier.swift */,
				B4CEA72696A2B557CEE068CC /* PrimaryButton.swift */,
				1BABE6B07E3894D7DCACC939 /* RouteCard.swift */,
				F4D3E94649B2F375328E2509 /* SearchField.swift */,
				163B64C900991E977EDE2F31 /* SelectionControls.swift */,
				546C100666195A09B1A946D0 /* ValueRow.swift */,
				3136514A5361A301D8F387A5 /* WebView.swift */,
			);
			path = Components;
			sourceTree = "<group>";
		};
		898658D355FFB67334DE2D21 /* CarrierCard */ = {
			isa = PBXGroup;
			children = (
				55CE850CD79D73751F744BBE /* CarrierCardView.swift */,
				0951DDBF4C96B44A8AC06280 /* CarrierCardViewModel.swift */,
			);
			path = CarrierCard;
			sourceTree = "<group>";
		};
		96DA144A55BD3C139EC47B6D /* Features */ = {
			isa = PBXGroup;
			children = (
				898658D355FFB67334DE2D21 /* CarrierCard */,
				762059D3E78EF6FE83195FF5 /* CitySelection */,
				669FBEF9FDA2DA118F255C9A /* ErrorState */,
				5FDB38ED79AE7C11741C9E4C /* Filters */,
				A67AF9BE485A900DC7AB58F2 /* Main */,
				56F2572647E35CB08E26BC56 /* RouteList */,
				1783C3C21297702B7DD442A7 /* Settings */,
				C04D94C1E2EFB80E47305976 /* Splash */,
				6C0761813505186A7B2767A0 /* StationSelection */,
				05600A35B983AFA124D70B2D /* Stories */,
			);
			path = Features;
			sourceTree = "<group>";
		};
		A3B62E454BA79199A472EBC6 /* DesignSystem */ = {
			isa = PBXGroup;
			children = (
				A9857846C9D71A5E466BA400 /* AppColor.swift */,
				BF2DFBE8E6664801C30083CD /* AppFont.swift */,
				80F6E5EF9849F6A94AB11B54 /* Components */,
			);
			path = DesignSystem;
			sourceTree = "<group>";
		};
		A67AF9BE485A900DC7AB58F2 /* Main */ = {
			isa = PBXGroup;
			children = (
				14450F472285AD1C742725DE /* DirectionCard.swift */,
				63BC11E35D4EB8FCEF9B63A1 /* MainView.swift */,
				02F2DC5E76C63710AA62B117 /* MainViewModel.swift */,
			);
			path = Main;
			sourceTree = "<group>";
		};
		B06B858C6BDCFF4551CF5C66 /* Products */ = {
			isa = PBXGroup;
			children = (
				3ECD84FF02E4F5A9200AEFC2 /* TravelSchedule.app */,
				A7C68B3E2519D7D2714191FE /* TravelScheduleUITests.xctest */,
			);
			name = Products;
			sourceTree = "<group>";
		};
		C04D94C1E2EFB80E47305976 /* Splash */ = {
			isa = PBXGroup;
			children = (
				1AB00BFCAC40D743F6E93C1F /* SplashView.swift */,
			);
			path = Splash;
			sourceTree = "<group>";
		};
		D7B292AFB693794E6D73C8F7 /* Services */ = {
			isa = PBXGroup;
			children = (
				69D35C4AE629E88EBEE81EFE /* APIConstants.swift */,
				6FD877BD0EE575205EF9DDEF /* CarrierService.swift */,
				F56A53F31038F89DDEEBA63C /* CopyrightService.swift */,
				BC824BA760EF622407F59041 /* DataProviders.swift */,
				26456039FF6D065A51DC035B /* NearestSettlementService.swift */,
				0AB5E01E8F23CFE878F9F44F /* NearestStationsService.swift */,
				2172E8BB986C4ED1E18CCEE4 /* NetworkClient.swift */,
				58E9608290A2AB766D9465EB /* NetworkReachability.swift */,
				A1D0DD2CA62F105D4F1A6E6C /* RouteStationsService.swift */,
				CB38C58AC1BC38D1AD2B2F2E /* SearchService.swift */,
				26E695E785836E62A6E6AE0D /* SegmentsMapper.swift */,
				CEE011284CDD34FC5AE05D2D /* ServicesDemo.swift */,
				6FB527C6E909342986239B7F /* StationScheduleService.swift */,
				1267B1A118FF1F61D74DFD25 /* StationsListService.swift */,
				D57B4F745CD0AA97432FD8EF /* StationsMapper.swift */,
			);
			path = Services;
			sourceTree = "<group>";
		};
		EB9ADC88D8C543396ABEB0E6 = {
			isa = PBXGroup;
			children = (
				5A840CA232788E706E6A30A2 /* TravelSchedule */,
				79A45173532317F49A5DD6AD /* TravelScheduleUITests */,
				B06B858C6BDCFF4551CF5C66 /* Products */,
			);
			sourceTree = "<group>";
		};
		EF5475D5ACEB7A36DAAD47DB /* Models */ = {
			isa = PBXGroup;
			children = (
				29C24D8F29D3A5F8A874874B /* AppError.swift */,
				8D187777AFC53AC23B9172B3 /* Carrier.swift */,
				4244A44964E3E42C4DB2D068 /* City.swift */,
				999392FA78C49BD2763BF94F /* RouteFilter.swift */,
				66D117EAF12163F14C679DE3 /* RouteSegment.swift */,
				6D083D4A5325AE6F0B87F169 /* Story.swift */,
			);
			path = Models;
			sourceTree = "<group>";
		};
/* End PBXGroup section */

/* Begin PBXNativeTarget section */
		0AC47B19D86C821CB491E0F2 /* TravelScheduleUITests */ = {
			isa = PBXNativeTarget;
			buildConfigurationList = FCBEADDA3FBA7AF97D4DA773 /* Build configuration list for PBXNativeTarget "TravelScheduleUITests" */;
			buildPhases = (
				6A40B87FDA6C290D1832958F /* Sources */,
			);
			buildRules = (
			);
			dependencies = (
				C7898FDBFCFD28D791CB8CC6 /* PBXTargetDependency */,
			);
			name = TravelScheduleUITests;
			packageProductDependencies = (
			);
			productName = TravelScheduleUITests;
			productReference = A7C68B3E2519D7D2714191FE /* TravelScheduleUITests.xctest */;
			productType = "com.apple.product-type.bundle.ui-testing";
		};
		51AE89C8D1F4A40FCCE7CEBB /* TravelSchedule */ = {
			isa = PBXNativeTarget;
			buildConfigurationList = C0735FEFDFFC67F752DAFE9D /* Build configuration list for PBXNativeTarget "TravelSchedule" */;
			buildPhases = (
				3968D6837D2403213DBDA77D /* Sources */,
				C2B66561EE3425EEFC671B14 /* Resources */,
				E7C45A89C872E707BCE13E3A /* Frameworks */,
			);
			buildRules = (
			);
			dependencies = (
				55C352D349EE6AD37938C740 /* PBXTargetDependency */,
			);
			name = TravelSchedule;
			packageProductDependencies = (
				ADB63CE8E09D3BADB15CC8AC /* OpenAPIRuntime */,
				2D87397D8EA201F37ACD3584 /* OpenAPIURLSession */,
			);
			productName = TravelSchedule;
			productReference = 3ECD84FF02E4F5A9200AEFC2 /* TravelSchedule.app */;
			productType = "com.apple.product-type.application";
		};
/* End PBXNativeTarget section */

/* Begin PBXProject section */
		4A976314A4910046CCBA6A4A /* Project object */ = {
			isa = PBXProject;
			attributes = {
				BuildIndependentTargetsInParallel = YES;
				LastUpgradeCheck = 1430;
				TargetAttributes = {
					0AC47B19D86C821CB491E0F2 = {
						TestTargetID = 51AE89C8D1F4A40FCCE7CEBB;
					};
				};
			};
			buildConfigurationList = 99DFD7F4ED952116F65AC759 /* Build configuration list for PBXProject "TravelSchedule" */;
			developmentRegion = en;
			hasScannedForEncodings = 0;
			knownRegions = (
				Base,
				en,
			);
			mainGroup = EB9ADC88D8C543396ABEB0E6;
			minimizedProjectReferenceProxies = 1;
			packageReferences = (
				1A6E4722B3796838B5C546E0 /* XCRemoteSwiftPackageReference "swift-openapi-generator" */,
				7456D301D6E7BDB827C0554F /* XCRemoteSwiftPackageReference "swift-openapi-runtime" */,
				7AE35275728823EC0A793B29 /* XCRemoteSwiftPackageReference "swift-openapi-urlsession" */,
			);
			preferredProjectObjectVersion = 77;
			productRefGroup = B06B858C6BDCFF4551CF5C66 /* Products */;
			projectDirPath = "";
			projectRoot = "";
			targets = (
				51AE89C8D1F4A40FCCE7CEBB /* TravelSchedule */,
				0AC47B19D86C821CB491E0F2 /* TravelScheduleUITests */,
			);
		};
/* End PBXProject section */

/* Begin PBXResourcesBuildPhase section */
		C2B66561EE3425EEFC671B14 /* Resources */ = {
			isa = PBXResourcesBuildPhase;
			buildActionMask = 2147483647;
			files = (
				C30C220F646B3429A4D906F3 /* Assets.xcassets in Resources */,
				F13EC635C78232632B19B6B9 /* offer.html in Resources */,
				70CF8F6B38F5B17B3024FEC4 /* openapi-generator-config.yaml in Resources */,
				3EDE6729EF1A773F8AEBB898 /* openapi.yaml in Resources */,
			);
			runOnlyForDeploymentPostprocessing = 0;
		};
/* End PBXResourcesBuildPhase section */

/* Begin PBXSourcesBuildPhase section */
		3968D6837D2403213DBDA77D /* Sources */ = {
			isa = PBXSourcesBuildPhase;
			buildActionMask = 2147483647;
			files = (
				59D37A184D5C67231944F6FB /* APIConstants.swift in Sources */,
				6C5E41D77EC6070A7AF95D24 /* AgreementView.swift in Sources */,
				5DF341F19C8F43EDCE2D7C9C /* AgreementViewModel.swift in Sources */,
				D54DFAA7004B01582A8FC1BF /* AppColor.swift in Sources */,
				6B1E630274A4551664518B62 /* AppError.swift in Sources */,
				B52F8375DDB06F0900304EBB /* AppFont.swift in Sources */,
				9FABF0FED2024D463BB4F8EF /* AppSettings.swift in Sources */,
				9B686DE1E01E50B7046A6636 /* Carrier.swift in Sources */,
				488F331870A9DA532998294D /* CarrierCardView.swift in Sources */,
				14055F2399CA587B09E88BF0 /* CarrierCardViewModel.swift in Sources */,
				97521416E061E8F49EA7D7E1 /* CarrierLogoView.swift in Sources */,
				814108FAB68C56E9F34F935C /* CarrierService.swift in Sources */,
				00B3E1F0F1C96FC9DB905C46 /* City.swift in Sources */,
				965590829587DB000A621BF2 /* CityListView.swift in Sources */,
				4D51B5378DFEB192C8C460A2 /* CityListViewModel.swift in Sources */,
				CEDA53FEF9F8A08CBC5CB058 /* CopyrightService.swift in Sources */,
				E49F56AC7BDA650FAB8B1B9F /* DataProviders.swift in Sources */,
				78672AA95DEE1790B8883622 /* DirectionCard.swift in Sources */,
				BC852A92272027B5769C6585 /* EmptyStateView.swift in Sources */,
				C87003312644D5B0DD5DDAAD /* ErrorView.swift in Sources */,
				4ADBD64AA91EBEBBD1A6A3A4 /* FiltersView.swift in Sources */,
				45759B04D2EE3EC9897977D5 /* FiltersViewModel.swift in Sources */,
				1FB9534E253F8D7E4C1C6C09 /* ListRow.swift in Sources */,
				B2C5FFFCFBC7453F249F99E3 /* LoadState.swift in Sources */,
				469B6FCFB26D0B1060AB559F /* MainTabView.swift in Sources */,
				EEC4A6EECC87C07854EE4BFF /* MainView.swift in Sources */,
				4095B3450587EA72AB50D9BC /* MainViewModel.swift in Sources */,
				EFF8C12FD30CE74B86BCD2F6 /* MockData.swift in Sources */,
				CB0A85210AEB672F98369D13 /* MockProviders.swift in Sources */,
				CE93B4DD2D6C5B5D1D9ABED4 /* NavigationBarModifier.swift in Sources */,
				7087010F88EE301F44D6FD48 /* NearestSettlementService.swift in Sources */,
				8A19CA4061A1954C2F7D5608 /* NearestStationsService.swift in Sources */,
				E84D819AEF120C5DE25E9DA9 /* NetworkClient.swift in Sources */,
				7788C7CA78CD1BF491CC9556 /* NetworkReachability.swift in Sources */,
				F100F7AACDED174C0F1F2B84 /* PrimaryButton.swift in Sources */,
				47F9B74369081A92C31D8CE7 /* RootView.swift in Sources */,
				6151F3105CC3ECD220B03F34 /* RootViewModel.swift in Sources */,
				5F1AB298191ABBE023AC83C9 /* RouteCard.swift in Sources */,
				C7CBD3632734D2FC1FE8EC06 /* RouteFilter.swift in Sources */,
				5A5124B14BCAE94E8A8E15E7 /* RouteListView.swift in Sources */,
				0675E28C859B4C492BC0E87D /* RouteListViewModel.swift in Sources */,
				66D28A34C8C22C03283F99F3 /* RoutePointPickerView.swift in Sources */,
				85CDB361C209C77EAB29D4EE /* RouteSegment.swift in Sources */,
				D276A12A285CB1B2DDE957BF /* RouteStationsService.swift in Sources */,
				41C48DECBEC973453AFBFB3E /* SearchField.swift in Sources */,
				C379DD15C45447A05329B4C4 /* SearchService.swift in Sources */,
				98181566222E726FFB8E9184 /* SegmentsMapper.swift in Sources */,
				0EEA988F34A6394BF0EC54D1 /* SelectionControls.swift in Sources */,
				9E2A6415100D26388A357FC8 /* ServicesDemo.swift in Sources */,
				D45B5F838B8BFB73DD584DEA /* SettingsView.swift in Sources */,
				82A4006DC3707F02C9CF7466 /* SettingsViewModel.swift in Sources */,
				602380520CD0A315B522576F /* SplashView.swift in Sources */,
				E4F1E17A0F43D7A3BB36FCEC /* StationListView.swift in Sources */,
				72B1DAA65C0BBF324990D436 /* StationListViewModel.swift in Sources */,
				8607280D139478E00BDC594B /* StationScheduleService.swift in Sources */,
				090E7653368C8F01E1D4C5D6 /* StationsListService.swift in Sources */,
				D86FA516F3C48F9E94F78E0F /* StationsMapper.swift in Sources */,
				1FD5488D29C1848B141CA105 /* StoriesData.swift in Sources */,
				F8894F29A2C528FABE3AC086 /* StoriesPanel.swift in Sources */,
				30EF368C9DEAE10D7BFCE92B /* StoriesProgressBar.swift in Sources */,
				B76C05C2712B93F296A9351A /* StoriesView.swift in Sources */,
				8AFE5BF2D93C3B48671D66C8 /* StoriesViewModel.swift in Sources */,
				AD8F829CF4D35EAF5A2EA977 /* Story.swift in Sources */,
				C1ACCB9C4C757CBA416A0CD8 /* StoryPageView.swift in Sources */,
				B09F181A0D6C7FFF84143068 /* StoryPreviewCard.swift in Sources */,
				2C7687093E15D319697D0872 /* TravelScheduleApp.swift in Sources */,
				56BBAEAA8C162B734E6BD624 /* ValueRow.swift in Sources */,
				7EC950A682783811C2DB02DD /* WebView.swift in Sources */,
			);
			runOnlyForDeploymentPostprocessing = 0;
		};
		6A40B87FDA6C290D1832958F /* Sources */ = {
			isa = PBXSourcesBuildPhase;
			buildActionMask = 2147483647;
			files = (
				35F873E0728418916AE22E97 /* NetworkSmokeUITests.swift in Sources */,
				262C61F24A9AE317FE9F8613 /* StoriesUITests.swift in Sources */,
			);
			runOnlyForDeploymentPostprocessing = 0;
		};
/* End PBXSourcesBuildPhase section */

/* Begin PBXTargetDependency section */
		55C352D349EE6AD37938C740 /* PBXTargetDependency */ = {
			isa = PBXTargetDependency;
			productRef = 8E199FDDA0853BAC940FCE6C /* OpenAPIGenerator */;
		};
		C7898FDBFCFD28D791CB8CC6 /* PBXTargetDependency */ = {
			isa = PBXTargetDependency;
			target = 51AE89C8D1F4A40FCCE7CEBB /* TravelSchedule */;
			targetProxy = C663B73AC3C1547810C938CC /* PBXContainerItemProxy */;
		};
/* End PBXTargetDependency section */

/* Begin XCBuildConfiguration section */
		5ED8001A1A14BF5549893F5C /* Debug */ = {
			isa = XCBuildConfiguration;
			buildSettings = {
				BUNDLE_LOADER = "$(TEST_HOST)";
				CODE_SIGNING_ALLOWED = NO;
				GENERATE_INFOPLIST_FILE = YES;
				LD_RUNPATH_SEARCH_PATHS = (
					"$(inherited)",
					"@executable_path/Frameworks",
					"@loader_path/Frameworks",
				);
				PRODUCT_BUNDLE_IDENTIFIER = com.a1kd.TravelScheduleUITests;
				SDKROOT = iphoneos;
				SWIFT_STRICT_CONCURRENCY = complete;
				SWIFT_VERSION = 5.0;
				TARGETED_DEVICE_FAMILY = "1,2";
				TEST_TARGET_NAME = TravelSchedule;
			};
			name = Debug;
		};
		6D253A81735A4ACE7786D493 /* Debug */ = {
			isa = XCBuildConfiguration;
			buildSettings = {
				ASSETCATALOG_COMPILER_APPICON_NAME = AppIcon;
				ASSETCATALOG_COMPILER_GLOBAL_ACCENT_COLOR_NAME = ypBlue;
				CODE_SIGNING_ALLOWED = NO;
				CODE_SIGN_IDENTITY = "iPhone Developer";
				GENERATE_INFOPLIST_FILE = YES;
				INFOPLIST_KEY_CFBundleDisplayName = "Расписание";
				INFOPLIST_KEY_UILaunchScreen_Generation = YES;
				INFOPLIST_KEY_UISupportedInterfaceOrientations = UIInterfaceOrientationPortrait;
				LD_RUNPATH_SEARCH_PATHS = (
					"$(inherited)",
					"@executable_path/Frameworks",
				);
				PRODUCT_BUNDLE_IDENTIFIER = com.a1kd.TravelSchedule;
				SDKROOT = iphoneos;
				SWIFT_STRICT_CONCURRENCY = complete;
				SWIFT_VERSION = 5.0;
				TARGETED_DEVICE_FAMILY = "1,2";
			};
			name = Debug;
		};
		8C9068B9974748B647198764 /* Release */ = {
			isa = XCBuildConfiguration;
			buildSettings = {
				ALWAYS_SEARCH_USER_PATHS = NO;
				CLANG_ANALYZER_NONNULL = YES;
				CLANG_ANALYZER_NUMBER_OBJECT_CONVERSION = YES_AGGRESSIVE;
				CLANG_CXX_LANGUAGE_STANDARD = "gnu++14";
				CLANG_CXX_LIBRARY = "libc++";
				CLANG_ENABLE_MODULES = YES;
				CLANG_ENABLE_OBJC_ARC = YES;
				CLANG_ENABLE_OBJC_WEAK = YES;
				CLANG_WARN_BLOCK_CAPTURE_AUTORELEASING = YES;
				CLANG_WARN_BOOL_CONVERSION = YES;
				CLANG_WARN_COMMA = YES;
				CLANG_WARN_CONSTANT_CONVERSION = YES;
				CLANG_WARN_DEPRECATED_OBJC_IMPLEMENTATIONS = YES;
				CLANG_WARN_DIRECT_OBJC_ISA_USAGE = YES_ERROR;
				CLANG_WARN_DOCUMENTATION_COMMENTS = YES;
				CLANG_WARN_EMPTY_BODY = YES;
				CLANG_WARN_ENUM_CONVERSION = YES;
				CLANG_WARN_INFINITE_RECURSION = YES;
				CLANG_WARN_INT_CONVERSION = YES;
				CLANG_WARN_NON_LITERAL_NULL_CONVERSION = YES;
				CLANG_WARN_OBJC_IMPLICIT_RETAIN_SELF = YES;
				CLANG_WARN_OBJC_LITERAL_CONVERSION = YES;
				CLANG_WARN_OBJC_ROOT_CLASS = YES_ERROR;
				CLANG_WARN_QUOTED_INCLUDE_IN_FRAMEWORK_HEADER = YES;
				CLANG_WARN_RANGE_LOOP_ANALYSIS = YES;
				CLANG_WARN_STRICT_PROTOTYPES = YES;
				CLANG_WARN_SUSPICIOUS_MOVE = YES;
				CLANG_WARN_UNGUARDED_AVAILABILITY = YES_AGGRESSIVE;
				CLANG_WARN_UNREACHABLE_CODE = YES;
				CLANG_WARN__DUPLICATE_METHOD_MATCH = YES;
				COPY_PHASE_STRIP = NO;
				DEBUG_INFORMATION_FORMAT = "dwarf-with-dsym";
				ENABLE_NS_ASSERTIONS = NO;
				ENABLE_STRICT_OBJC_MSGSEND = YES;
				GCC_C_LANGUAGE_STANDARD = gnu11;
				GCC_NO_COMMON_BLOCKS = YES;
				GCC_WARN_64_TO_32_BIT_CONVERSION = YES;
				GCC_WARN_ABOUT_RETURN_TYPE = YES_ERROR;
				GCC_WARN_UNDECLARED_SELECTOR = YES;
				GCC_WARN_UNINITIALIZED_AUTOS = YES_AGGRESSIVE;
				GCC_WARN_UNUSED_FUNCTION = YES;
				GCC_WARN_UNUSED_VARIABLE = YES;
				IPHONEOS_DEPLOYMENT_TARGET = 17.0;
				MTL_ENABLE_DEBUG_INFO = NO;
				MTL_FAST_MATH = YES;
				PRODUCT_NAME = "$(TARGET_NAME)";
				SDKROOT = iphoneos;
				SWIFT_COMPILATION_MODE = wholemodule;
				SWIFT_OPTIMIZATION_LEVEL = "-O";
				SWIFT_VERSION = 5.0;
			};
			name = Release;
		};
		A203573908ADAFCC2AF5A85B /* Release */ = {
			isa = XCBuildConfiguration;
			buildSettings = {
				BUNDLE_LOADER = "$(TEST_HOST)";
				CODE_SIGNING_ALLOWED = NO;
				GENERATE_INFOPLIST_FILE = YES;
				LD_RUNPATH_SEARCH_PATHS = (
					"$(inherited)",
					"@executable_path/Frameworks",
					"@loader_path/Frameworks",
				);
				PRODUCT_BUNDLE_IDENTIFIER = com.a1kd.TravelScheduleUITests;
				SDKROOT = iphoneos;
				SWIFT_STRICT_CONCURRENCY = complete;
				SWIFT_VERSION = 5.0;
				TARGETED_DEVICE_FAMILY = "1,2";
				TEST_TARGET_NAME = TravelSchedule;
			};
			name = Release;
		};
		B637E24B754DE50912D95490 /* Release */ = {
			isa = XCBuildConfiguration;
			buildSettings = {
				ASSETCATALOG_COMPILER_APPICON_NAME = AppIcon;
				ASSETCATALOG_COMPILER_GLOBAL_ACCENT_COLOR_NAME = ypBlue;
				CODE_SIGNING_ALLOWED = NO;
				CODE_SIGN_IDENTITY = "iPhone Developer";
				GENERATE_INFOPLIST_FILE = YES;
				INFOPLIST_KEY_CFBundleDisplayName = "Расписание";
				INFOPLIST_KEY_UILaunchScreen_Generation = YES;
				INFOPLIST_KEY_UISupportedInterfaceOrientations = UIInterfaceOrientationPortrait;
				LD_RUNPATH_SEARCH_PATHS = (
					"$(inherited)",
					"@executable_path/Frameworks",
				);
				PRODUCT_BUNDLE_IDENTIFIER = com.a1kd.TravelSchedule;
				SDKROOT = iphoneos;
				SWIFT_STRICT_CONCURRENCY = complete;
				SWIFT_VERSION = 5.0;
				TARGETED_DEVICE_FAMILY = "1,2";
			};
			name = Release;
		};
		C22AEA86AF3D241849AFEE56 /* Debug */ = {
			isa = XCBuildConfiguration;
			buildSettings = {
				ALWAYS_SEARCH_USER_PATHS = NO;
				CLANG_ANALYZER_NONNULL = YES;
				CLANG_ANALYZER_NUMBER_OBJECT_CONVERSION = YES_AGGRESSIVE;
				CLANG_CXX_LANGUAGE_STANDARD = "gnu++14";
				CLANG_CXX_LIBRARY = "libc++";
				CLANG_ENABLE_MODULES = YES;
				CLANG_ENABLE_OBJC_ARC = YES;
				CLANG_ENABLE_OBJC_WEAK = YES;
				CLANG_WARN_BLOCK_CAPTURE_AUTORELEASING = YES;
				CLANG_WARN_BOOL_CONVERSION = YES;
				CLANG_WARN_COMMA = YES;
				CLANG_WARN_CONSTANT_CONVERSION = YES;
				CLANG_WARN_DEPRECATED_OBJC_IMPLEMENTATIONS = YES;
				CLANG_WARN_DIRECT_OBJC_ISA_USAGE = YES_ERROR;
				CLANG_WARN_DOCUMENTATION_COMMENTS = YES;
				CLANG_WARN_EMPTY_BODY = YES;
				CLANG_WARN_ENUM_CONVERSION = YES;
				CLANG_WARN_INFINITE_RECURSION = YES;
				CLANG_WARN_INT_CONVERSION = YES;
				CLANG_WARN_NON_LITERAL_NULL_CONVERSION = YES;
				CLANG_WARN_OBJC_IMPLICIT_RETAIN_SELF = YES;
				CLANG_WARN_OBJC_LITERAL_CONVERSION = YES;
				CLANG_WARN_OBJC_ROOT_CLASS = YES_ERROR;
				CLANG_WARN_QUOTED_INCLUDE_IN_FRAMEWORK_HEADER = YES;
				CLANG_WARN_RANGE_LOOP_ANALYSIS = YES;
				CLANG_WARN_STRICT_PROTOTYPES = YES;
				CLANG_WARN_SUSPICIOUS_MOVE = YES;
				CLANG_WARN_UNGUARDED_AVAILABILITY = YES_AGGRESSIVE;
				CLANG_WARN_UNREACHABLE_CODE = YES;
				CLANG_WARN__DUPLICATE_METHOD_MATCH = YES;
				COPY_PHASE_STRIP = NO;
				DEBUG_INFORMATION_FORMAT = dwarf;
				ENABLE_STRICT_OBJC_MSGSEND = YES;
				ENABLE_TESTABILITY = YES;
				GCC_C_LANGUAGE_STANDARD = gnu11;
				GCC_DYNAMIC_NO_PIC = NO;
				GCC_NO_COMMON_BLOCKS = YES;
				GCC_OPTIMIZATION_LEVEL = 0;
				GCC_PREPROCESSOR_DEFINITIONS = (
					"$(inherited)",
					"DEBUG=1",
				);
				GCC_WARN_64_TO_32_BIT_CONVERSION = YES;
				GCC_WARN_ABOUT_RETURN_TYPE = YES_ERROR;
				GCC_WARN_UNDECLARED_SELECTOR = YES;
				GCC_WARN_UNINITIALIZED_AUTOS = YES_AGGRESSIVE;
				GCC_WARN_UNUSED_FUNCTION = YES;
				GCC_WARN_UNUSED_VARIABLE = YES;
				IPHONEOS_DEPLOYMENT_TARGET = 17.0;
				MTL_ENABLE_DEBUG_INFO = INCLUDE_SOURCE;
				MTL_FAST_MATH = YES;
				ONLY_ACTIVE_ARCH = YES;
				PRODUCT_NAME = "$(TARGET_NAME)";
				SDKROOT = iphoneos;
				SWIFT_ACTIVE_COMPILATION_CONDITIONS = DEBUG;
				SWIFT_OPTIMIZATION_LEVEL = "-Onone";
				SWIFT_VERSION = 5.0;
			};
			name = Debug;
		};
/* End XCBuildConfiguration section */

/* Begin XCConfigurationList section */
		99DFD7F4ED952116F65AC759 /* Build configuration list for PBXProject "TravelSchedule" */ = {
			isa = XCConfigurationList;
			buildConfigurations = (
				C22AEA86AF3D241849AFEE56 /* Debug */,
				8C9068B9974748B647198764 /* Release */,
			);
			defaultConfigurationIsVisible = 0;
			defaultConfigurationName = Debug;
		};
		C0735FEFDFFC67F752DAFE9D /* Build configuration list for PBXNativeTarget "TravelSchedule" */ = {
			isa = XCConfigurationList;
			buildConfigurations = (
				6D253A81735A4ACE7786D493 /* Debug */,
				B637E24B754DE50912D95490 /* Release */,
			);
			defaultConfigurationIsVisible = 0;
			defaultConfigurationName = Debug;
		};
		FCBEADDA3FBA7AF97D4DA773 /* Build configuration list for PBXNativeTarget "TravelScheduleUITests" */ = {
			isa = XCConfigurationList;
			buildConfigurations = (
				5ED8001A1A14BF5549893F5C /* Debug */,
				A203573908ADAFCC2AF5A85B /* Release */,
			);
			defaultConfigurationIsVisible = 0;
			defaultConfigurationName = Debug;
		};
/* End XCConfigurationList section */

/* Begin XCRemoteSwiftPackageReference section */
		1A6E4722B3796838B5C546E0 /* XCRemoteSwiftPackageReference "swift-openapi-generator" */ = {
			isa = XCRemoteSwiftPackageReference;
			repositoryURL = "https://github.com/apple/swift-openapi-generator";
			requirement = {
				kind = upToNextMajorVersion;
				minimumVersion = 1.6.0;
			};
		};
		7456D301D6E7BDB827C0554F /* XCRemoteSwiftPackageReference "swift-openapi-runtime" */ = {
			isa = XCRemoteSwiftPackageReference;
			repositoryURL = "https://github.com/apple/swift-openapi-runtime";
			requirement = {
				kind = upToNextMajorVersion;
				minimumVersion = 1.7.0;
			};
		};
		7AE35275728823EC0A793B29 /* XCRemoteSwiftPackageReference "swift-openapi-urlsession" */ = {
			isa = XCRemoteSwiftPackageReference;
			repositoryURL = "https://github.com/apple/swift-openapi-urlsession";
			requirement = {
				kind = upToNextMajorVersion;
				minimumVersion = 1.0.2;
			};
		};
/* End XCRemoteSwiftPackageReference section */

/* Begin XCSwiftPackageProductDependency section */
		2D87397D8EA201F37ACD3584 /* OpenAPIURLSession */ = {
			isa = XCSwiftPackageProductDependency;
			package = 7AE35275728823EC0A793B29 /* XCRemoteSwiftPackageReference "swift-openapi-urlsession" */;
			productName = OpenAPIURLSession;
		};
		8E199FDDA0853BAC940FCE6C /* OpenAPIGenerator */ = {
			isa = XCSwiftPackageProductDependency;
			package = 1A6E4722B3796838B5C546E0 /* XCRemoteSwiftPackageReference "swift-openapi-generator" */;
			productName = "plugin:OpenAPIGenerator";
		};
		ADB63CE8E09D3BADB15CC8AC /* OpenAPIRuntime */ = {
			isa = XCSwiftPackageProductDependency;
			package = 7456D301D6E7BDB827C0554F /* XCRemoteSwiftPackageReference "swift-openapi-runtime" */;
			productName = OpenAPIRuntime;
		};
/* End XCSwiftPackageProductDependency section */
	};
	rootObject = 4A976314A4910046CCBA6A4A /* Project object */;
}
